
Microsoft Visual Studio Solution File, Format Version 12.00
# Visual Studio Version 17
VisualStudioVersion = 17.9.34728.123
MinimumVisualStudioVersion = 10.0.40219.1
Project("{9A19103F-16F7-4668-BE54-9A1E7A4F7556}") = "DALLE", "DALLE\DALLE.csproj", "{7558D107-E7E8-4EB9-8DB6-4279A6E85AF1}"
EndProject
Project("{9A19103F-16F7-4668-BE54-9A1E7A4F7556}") = "ChatGPT", "Azure_AI_Studio\ChatGPT.csproj", "{D7CE48FD-8ED9-4CC6-97D1-DEECA96B7CBC}"
EndProject
Global
	GlobalSection(SolutionConfigurationPlatforms) = preSolution
		Debug|Any CPU = Debug|Any CPU
		Release|Any CPU = Release|Any CPU
	EndGlobalSection
	GlobalSection(ProjectConfigurationPlatforms) = postSolution
		{7558D107-E7E8-4EB9-8DB6-4279A6E85AF1}.Debug|Any CPU.ActiveCfg = Debug|Any CPU
		{7558D107-E7E8-4EB9-8DB6-4279A6E85AF1}.Debug|Any CPU.Build.0 = Debug|Any CPU
		{7558D107-E7E8-4EB9-8DB6-4279A6E85AF1}.Release|Any CPU.ActiveCfg = Release|Any CPU
		{7558D107-E7E8-4EB9-8DB6-4279A6E85AF1}.Release|Any CPU.Build.0 = Release|Any CPU
		{D7CE48FD-8ED9-4CC6-97D1-DEECA96B7CBC}.Debug|Any CPU.ActiveCfg = Debug|Any CPU
		{D7CE48FD-8ED9-4CC6-97D1-DEECA96B7CBC}.Debug|Any CPU.Build.0 = Debug|Any CPU
		{D7CE48FD-8ED9-4CC6-97D1-DEECA96B7CBC}.Release|Any CPU.ActiveCfg = Release|Any CPU
		{D7CE48FD-8ED9-4CC6-97D1-DEECA96B7CBC}.Release|Any CPU.Build.0 = Release|Any CPU
	EndGlobalSection
	GlobalSection(SolutionProperties) = preSolution
		HideSolutionNode = FALSE
	EndGlobalSection
	GlobalSection(ExtensibilityGlobals) = postSolution
		SolutionGuid = {4A49738A-9221-4B6E-B545-FAD6F0F85686}
	EndGlobalSection
EndGlobal
